
Microsoft Visual Studio Solution File, Format Version 12.00
# Visual Studio Version 17
VisualStudioVersion = 17.6.33829.357
MinimumVisualStudioVersion = 10.0.40219.1
Project("{FAE04EC0-301F-11D3-BF4B-00C04F79EFBC}") = "Budget Tracking and Password Keeping System", "Budget Tracking and Password Keeping System\Budget Tracking and Password Keeping System.csproj", "{15F6B974-ABD5-4514-B2CB-3D4AB0B6BF63}"
EndProject
Global
	GlobalSection(SolutionConfigurationPlatforms) = preSolution
		Debug|Any CPU = Debug|Any CPU
		Release|Any CPU = Release|Any CPU
	EndGlobalSection
	GlobalSection(ProjectConfigurationPlatforms) = postSolution
		{15F6B974-ABD5-4514-B2CB-3D4AB0B6BF63}.Debug|Any CPU.ActiveCfg = Debug|Any CPU
		{15F6B974-ABD5-4514-B2CB-3D4AB0B6BF63}.Debug|Any CPU.Build.0 = Debug|Any CPU
		{15F6B974-ABD5-4514-B2CB-3D4AB0B6BF63}.Release|Any CPU.ActiveCfg = Release|Any CPU
		{15F6B974-ABD5-4514-B2CB-3D4AB0B6BF63}.Release|Any CPU.Build.0 = Release|Any CPU
	EndGlobalSection
	GlobalSection(SolutionProperties) = preSolution
		HideSolutionNode = FALSE
	EndGlobalSection
	GlobalSection(ExtensibilityGlobals) = postSolution
		SolutionGuid = {57855637-6577-4BB1-9A61-F6A2FC5E9009}
	EndGlobalSection
EndGlobal
